
Microsoft Visual Studio Solution File, Format Version 12.00
# Visual Studio Version 16
VisualStudioVersion = 16.0.31025.194
MinimumVisualStudioVersion = 10.0.40219.1
Project("{FAE04EC0-301F-11D3-BF4B-00C04F79EFBC}") = "HotelReservation", "HotelReservation\HotelReservation.csproj", "{3EC173D7-969E-4492-883A-BDFDF17E44CF}"
EndProject
Global
	GlobalSection(SolutionConfigurationPlatforms) = preSolution
		Debug|Any CPU = Debug|Any CPU
		Release|Any CPU = Release|Any CPU
	EndGlobalSection
	GlobalSection(ProjectConfigurationPlatforms) = postSolution
		{3EC173D7-969E-4492-883A-BDFDF17E44CF}.Debug|Any CPU.ActiveCfg = Debug|Any CPU
		{3EC173D7-969E-4492-883A-BDFDF17E44CF}.Debug|Any CPU.Build.0 = Debug|Any CPU
		{3EC173D7-969E-4492-883A-BDFDF17E44CF}.Release|Any CPU.ActiveCfg = Release|Any CPU
		{3EC173D7-969E-4492-883A-BDFDF17E44CF}.Release|Any CPU.Build.0 = Release|Any CPU
	EndGlobalSection
	GlobalSection(SolutionProperties) = preSolution
		HideSolutionNode = FALSE
	EndGlobalSection
	GlobalSection(ExtensibilityGlobals) = postSolution
		SolutionGuid = {E239ED1B-9AE5-4316-BDAA-D2977AD0BBA1}
	EndGlobalSection
EndGlobal
